
Microsoft Visual Studio Solution File, Format Version 12.00
# Visual Studio Version 16
VisualStudioVersion = 16.0.30114.105
MinimumVisualStudioVersion = 10.0.40219.1
Project("{FAE04EC0-301F-11D3-BF4B-00C04F79EFBC}") = "BloodBank", "BloodBank\BloodBank.csproj", "{4E6FF97F-94BD-494F-91F5-A78160B89F79}"
EndProject
Project("{FAE04EC0-301F-11D3-BF4B-00C04F79EFBC}") = "redwings", "redwings\redwings.csproj", "{29EDC244-8427-4FE2-8385-0E2598663B20}"
EndProject
Global
	GlobalSection(SolutionConfigurationPlatforms) = preSolution
		Debug|Any CPU = Debug|Any CPU
		Release|Any CPU = Release|Any CPU
	EndGlobalSection
	GlobalSection(SolutionProperties) = preSolution
		HideSolutionNode = FALSE
	EndGlobalSection
	GlobalSection(ProjectConfigurationPlatforms) = postSolution
		{4E6FF97F-94BD-494F-91F5-A78160B89F79}.Debug|Any CPU.ActiveCfg = Debug|Any CPU
		{4E6FF97F-94BD-494F-91F5-A78160B89F79}.Debug|Any CPU.Build.0 = Debug|Any CPU
		{4E6FF97F-94BD-494F-91F5-A78160B89F79}.Release|Any CPU.ActiveCfg = Release|Any CPU
		{4E6FF97F-94BD-494F-91F5-A78160B89F79}.Release|Any CPU.Build.0 = Release|Any CPU
		{29EDC244-8427-4FE2-8385-0E2598663B20}.Debug|Any CPU.ActiveCfg = Debug|Any CPU
		{29EDC244-8427-4FE2-8385-0E2598663B20}.Debug|Any CPU.Build.0 = Debug|Any CPU
		{29EDC244-8427-4FE2-8385-0E2598663B20}.Release|Any CPU.ActiveCfg = Release|Any CPU
		{29EDC244-8427-4FE2-8385-0E2598663B20}.Release|Any CPU.Build.0 = Release|Any CPU
	EndGlobalSection
EndGlobal
